
Microsoft Visual Studio Solution File, Format Version 12.00
# Visual Studio Version 16
VisualStudioVersion = 16.0.31205.134
MinimumVisualStudioVersion = 10.0.40219.1
Project("{FAE04EC0-301F-11D3-BF4B-00C04F79EFBC}") = "webApiSample01", "webApiSample01\webApiSample01.csproj", "{455DBD4A-2DEF-4B7E-9941-44222D0CADED}"
EndProject
Global
	GlobalSection(SolutionConfigurationPlatforms) = preSolution
		Debug|Any CPU = Debug|Any CPU
		Release|Any CPU = Release|Any CPU
	EndGlobalSection
	GlobalSection(ProjectConfigurationPlatforms) = postSolution
		{455DBD4A-2DEF-4B7E-9941-44222D0CADED}.Debug|Any CPU.ActiveCfg = Debug|Any CPU
		{455DBD4A-2DEF-4B7E-9941-44222D0CADED}.Debug|Any CPU.Build.0 = Debug|Any CPU
		{455DBD4A-2DEF-4B7E-9941-44222D0CADED}.Release|Any CPU.ActiveCfg = Release|Any CPU
		{455DBD4A-2DEF-4B7E-9941-44222D0CADED}.Release|Any CPU.Build.0 = Release|Any CPU
	EndGlobalSection
	GlobalSection(SolutionProperties) = preSolution
		HideSolutionNode = FALSE
	EndGlobalSection
	GlobalSection(ExtensibilityGlobals) = postSolution
		SolutionGuid = {1ACE3E7C-AA9E-4122-BF6D-72CDBB200D59}
	EndGlobalSection
EndGlobal
